{
  "version": 4,
  "terraform_version": "1.11.3",
  "serial": 7,
  "lineage": "40e56f40-f788-6c6f-dc08-fd9c07bb3b6a",
  "outputs": {
    "instance_public_ips": {
      "value": "150.136.246.116",
      "type": "string"
    }
  },
  "resources": [
    {
      "mode": "data",
      "type": "oci_core_images",
      "name": "ubuntu_x86",
      "provider": "provider[\"registry.terraform.io/oracle/oci\"]",
      "instances": [
        {
          "schema_version": 0,
          "attributes": {
            "compartment_id": "ocid1.compartment.oc1..aaaaaaaazkp4rxwcx3umm5feqvuztvzknbtfncxphfgqxwz5adydhjlydaoa",
            "display_name": null,
            "filter": null,
            "id": "CoreImagesDataSource-2531958031",
            "images": [
              {
                "agent_features": [],
                "base_image_id": "",
                "billable_size_in_gbs": "3",
                "compartment_id": "",
                "create_image_allowed": true,
                "defined_tags": {},
                "display_name": "Canonical-Ubuntu-22.04-2025.03.28-0",
                "freeform_tags": {},
                "id": "ocid1.image.oc1.iad.aaaaaaaaoymyyvnhyr2z4cgncpffwfpulbl6qphft573vpemz2vrwukn3x6a",
                "image_source_details": [],
                "instance_id": "",
                "launch_mode": "NATIVE",
                "launch_options": [
                  {
                    "boot_volume_type": "PARAVIRTUALIZED",
                    "firmware": "UEFI_64",
                    "is_consistent_volume_naming_enabled": true,
                    "is_pv_encryption_in_transit_enabled": true,
                    "network_type": "PARAVIRTUALIZED",
                    "remote_data_volume_type": "PARAVIRTUALIZED"
                  }
                ],
                "listing_type": "",
                "operating_system": "Canonical Ubuntu",
                "operating_system_version": "22.04",
                "size_in_mbs": "47694",
                "state": "AVAILABLE",
                "time_created": "2025-03-30 16:48:29.751 +0000 UTC"
              },
              {
                "agent_features": [],
                "base_image_id": "",
                "billable_size_in_gbs": "3",
                "compartment_id": "",
                "create_image_allowed": true,
                "defined_tags": {},
                "display_name": "Canonical-Ubuntu-22.04-2025.01.31-1",
                "freeform_tags": {},
                "id": "ocid1.image.oc1.iad.aaaaaaaablkb5j2kdyqehb7qp2scdyuwslknidn4a53qzje2fxcbw3ji5gta",
                "image_source_details": [],
                "instance_id": "",
                "launch_mode": "NATIVE",
                "launch_options": [
                  {
                    "boot_volume_type": "PARAVIRTUALIZED",
                    "firmware": "UEFI_64",
                    "is_consistent_volume_naming_enabled": true,
                    "is_pv_encryption_in_transit_enabled": true,
                    "network_type": "PARAVIRTUALIZED",
                    "remote_data_volume_type": "PARAVIRTUALIZED"
                  }
                ],
                "listing_type": "",
                "operating_system": "Canonical Ubuntu",
                "operating_system_version": "22.04",
                "size_in_mbs": "47694",
                "state": "AVAILABLE",
                "time_created": "2025-03-20 15:39:38.01 +0000 UTC"
              },
              {
                "agent_features": [],
                "base_image_id": "",
                "billable_size_in_gbs": "3",
                "compartment_id": "",
                "create_image_allowed": true,
                "defined_tags": {},
                "display_name": "Canonical-Ubuntu-22.04-2024.10.04-0",
                "freeform_tags": {},
                "id": "ocid1.image.oc1.iad.aaaaaaaa2bulxukxsjyv3ap3x45eueiqxxpxpsfrv6qppq7xrwtiima2c2pq",
                "image_source_details": [],
                "instance_id": "",
                "launch_mode": "NATIVE",
                "launch_options": [
                  {
                    "boot_volume_type": "PARAVIRTUALIZED",
                    "firmware": "UEFI_64",
                    "is_consistent_volume_naming_enabled": true,
                    "is_pv_encryption_in_transit_enabled": true,
                    "network_type": "PARAVIRTUALIZED",
                    "remote_data_volume_type": "PARAVIRTUALIZED"
                  }
                ],
                "listing_type": "",
                "operating_system": "Canonical Ubuntu",
                "operating_system_version": "22.04",
                "size_in_mbs": "47694",
                "state": "AVAILABLE",
                "time_created": "2024-10-28 04:13:18.986 +0000 UTC"
              }
            ],
            "operating_system": "Canonical Ubuntu",
            "operating_system_version": "22.04",
            "shape": "VM.Standard.E2.1.Micro",
            "sort_by": "TIMECREATED",
            "sort_order": "DESC",
            "state": null
          },
          "sensitive_attributes": []
        }
      ]
    },
    {
      "mode": "data",
      "type": "oci_identity_availability_domains",
      "name": "ads",
      "provider": "provider[\"registry.terraform.io/oracle/oci\"]",
      "instances": [
        {
          "schema_version": 0,
          "attributes": {
            "availability_domains": [
              {
                "compartment_id": "ocid1.tenancy.oc1..aaaaaaaawy5pj67shlglosha4wy6ck5dx3vcyyedjp2joamr7fze25cp2fuq",
                "id": "ocid1.availabilitydomain.oc1..aaaaaaaatrwxaogr7dl4yschqtrmqrdv6uzis3mgbnomiagqrfhcb7mxsfdq",
                "name": "ATEH:US-ASHBURN-AD-1"
              },
              {
                "compartment_id": "ocid1.tenancy.oc1..aaaaaaaawy5pj67shlglosha4wy6ck5dx3vcyyedjp2joamr7fze25cp2fuq",
                "id": "ocid1.availabilitydomain.oc1..aaaaaaaauvt2n7pijol7uqgdnnsoojcukrijtmcltvfwxazmitk235wyohta",
                "name": "ATEH:US-ASHBURN-AD-2"
              },
              {
                "compartment_id": "ocid1.tenancy.oc1..aaaaaaaawy5pj67shlglosha4wy6ck5dx3vcyyedjp2joamr7fze25cp2fuq",
                "id": "ocid1.availabilitydomain.oc1..aaaaaaaaztunlny6ae4yw2vghp5go2zceaonwp6wiioe3tnh2vlaxjjl2n3a",
                "name": "ATEH:US-ASHBURN-AD-3"
              }
            ],
            "compartment_id": "ocid1.tenancy.oc1..aaaaaaaawy5pj67shlglosha4wy6ck5dx3vcyyedjp2joamr7fze25cp2fuq",
            "filter": null,
            "id": "IdentityAvailabilityDomainsDataSource-2437472843"
          },
          "sensitive_attributes": []
        }
      ]
    },
    {
      "mode": "managed",
      "type": "oci_core_instance",
      "name": "instance",
      "provider": "provider[\"registry.terraform.io/oracle/oci\"]",
      "instances": [
        {
          "schema_version": 0,
          "attributes": {
            "agent_config": [
              {
                "are_all_plugins_disabled": false,
                "is_management_disabled": false,
                "is_monitoring_disabled": false,
                "plugins_config": []
              }
            ],
            "async": null,
            "availability_config": [
              {
                "is_live_migration_preferred": false,
                "recovery_action": "RESTORE_INSTANCE"
              }
            ],
            "availability_domain": "ATEH:US-ASHBURN-AD-1",
            "boot_volume_id": "ocid1.bootvolume.oc1.iad.abuwcljtcfwhmp4oaea23c7pkjtncd42iigqiv2yiihvfjkhgja357gbx6ha",
            "capacity_reservation_id": null,
            "cluster_placement_group_id": null,
            "compartment_id": "ocid1.compartment.oc1..aaaaaaaazkp4rxwcx3umm5feqvuztvzknbtfncxphfgqxwz5adydhjlydaoa",
            "compute_cluster_id": null,
            "create_vnic_details": [
              {
                "assign_ipv6ip": false,
                "assign_private_dns_record": false,
                "assign_public_ip": "true",
                "defined_tags": {
                  "Oracle-Tags.CreatedBy": "default/labs-user@labs-user.com",
                  "Oracle-Tags.CreatedOn": "2025-04-16T01:54:03.903Z"
                },
                "display_name": "lab-vm-Ubuntu",
                "freeform_tags": {},
                "hostname_label": "",
                "ipv6address_ipv6subnet_cidr_pair_details": [],
                "nsg_ids": [],
                "private_ip": "10.0.1.250",
                "skip_source_dest_check": false,
                "subnet_id": "ocid1.subnet.oc1.iad.aaaaaaaadnibmds47q5kpebydapzku7ouk42mv6326jmpz4v3xpbbwiytsgq",
                "vlan_id": ""
              }
            ],
            "dedicated_vm_host_id": null,
            "defined_tags": {
              "Oracle-Tags.CreatedBy": "default/labs-user@labs-user.com",
              "Oracle-Tags.CreatedOn": "2025-04-16T01:54:03.707Z"
            },
            "display_name": "lab-vm-Ubuntu",
            "extended_metadata": {},
            "fault_domain": "FAULT-DOMAIN-2",
            "freeform_tags": {},
            "hostname_label": "",
            "id": "ocid1.instance.oc1.iad.anuwcljtyrep4dicuw5532nkgncxxziouggegqeti3lumshfwuy2m5vs2o2q",
            "image": "ocid1.image.oc1.iad.aaaaaaaaoymyyvnhyr2z4cgncpffwfpulbl6qphft573vpemz2vrwukn3x6a",
            "instance_configuration_id": null,
            "instance_options": [
              {
                "are_legacy_imds_endpoints_disabled": false
              }
            ],
            "ipxe_script": null,
            "is_cross_numa_node": false,
            "is_pv_encryption_in_transit_enabled": null,
            "launch_mode": "PARAVIRTUALIZED",
            "launch_options": [
              {
                "boot_volume_type": "PARAVIRTUALIZED",
                "firmware": "UEFI_64",
                "is_consistent_volume_naming_enabled": true,
                "is_pv_encryption_in_transit_enabled": false,
                "network_type": "PARAVIRTUALIZED",
                "remote_data_volume_type": "PARAVIRTUALIZED"
              }
            ],
            "launch_volume_attachments": null,
            "metadata": {
              "ssh_authorized_keys": "ssh-rsa AAAAB3NzaC1yc2EAAAADAQABAAABgQDHGbBpfKW9eZXsgWY1pjzKAFgOdUMC3afaRl8eaPUFyhS2o/xJW7A07B8AbZxHLp4Uiojsrw2dyWsM158aNQHaOUGUw9tHKbmC9NF7oSkmLRdNULhdkErNo0GA33BOgqxgsEV6aO2JpzkDVIV3oL6+QJoRyQibQO13Nv5ELoxCTyOnViwifIY1dIu4bK03jFDS/iKiV9vcDYslt26+CTckZifmUX7HSiq4iBarmETvfCtZFnVvz5bB+fZRhd9EPlf2e8XW/a2ulE1lu94YogCO+BgQDW8jQS4qwt3/EJem6IgKJzZBuHLdElldwU9y3AxV0kWg35W/xHssq4J2WplZz9etFjZAxRwqF7fNojF3delID1hpY388Lwh+c/PgAK8YitI2XPNtI3aLQKd9wvmeRJQ+tHkrCcRaaZgipr2QR2PGNyswMmgYb7fSKIcbTfhqKonsFQnCY3geoLPypFIBVzB5PYRQwdnij5u3vrnSSkn8n7wTb0TkfDDaUdTvrV0= wr@R2D2\n"
            },
            "platform_config": [],
            "preemptible_instance_config": [],
            "preserve_boot_volume": null,
            "preserve_data_volumes_created_at_launch": null,
            "private_ip": "10.0.1.250",
            "public_ip": "150.136.246.116",
            "region": "iad",
            "shape": "VM.Standard.E2.1.Micro",
            "shape_config": [
              {
                "baseline_ocpu_utilization": "",
                "gpu_description": "",
                "gpus": 0,
                "local_disk_description": "",
                "local_disks": 0,
                "local_disks_total_size_in_gbs": 0,
                "max_vnic_attachments": 1,
                "memory_in_gbs": 1,
                "networking_bandwidth_in_gbps": 0.47999998927116394,
                "nvmes": 0,
                "ocpus": 1,
                "processor_description": "2.0 GHz AMD EPYC™ 7551 (Naples)",
                "vcpus": 2
              }
            ],
            "source_details": [
              {
                "boot_volume_size_in_gbs": "47",
                "boot_volume_vpus_per_gb": "10",
                "instance_source_image_filter_details": [],
                "is_preserve_boot_volume_enabled": false,
                "kms_key_id": "",
                "source_id": "ocid1.image.oc1.iad.aaaaaaaaoymyyvnhyr2z4cgncpffwfpulbl6qphft573vpemz2vrwukn3x6a",
                "source_type": "image"
              }
            ],
            "state": "RUNNING",
            "subnet_id": "ocid1.subnet.oc1.iad.aaaaaaaadnibmds47q5kpebydapzku7ouk42mv6326jmpz4v3xpbbwiytsgq",
            "system_tags": {
              "orcl-cloud.free-tier-retained": "true"
            },
            "time_created": "2025-04-16 01:54:04.313 +0000 UTC",
            "time_maintenance_reboot_due": "",
            "timeouts": null,
            "update_operation_constraint": null
          },
          "sensitive_attributes": [],
          "private": "eyJlMmJmYjczMC1lY2FhLTExZTYtOGY4OC0zNDM2M2JjN2M0YzAiOnsiY3JlYXRlIjoyNzAwMDAwMDAwMDAwLCJkZWxldGUiOjQ1MDAwMDAwMDAwMDAsInVwZGF0ZSI6MjcwMDAwMDAwMDAwMH19",
          "dependencies": [
            "data.oci_core_images.ubuntu_x86",
            "data.oci_identity_availability_domains.ads",
            "oci_core_internet_gateway.igw",
            "oci_core_route_table.route",
            "oci_core_subnet.subnet",
            "oci_core_virtual_network.vcn"
          ]
        }
      ]
    },
    {
      "mode": "managed",
      "type": "oci_core_internet_gateway",
      "name": "igw",
      "provider": "provider[\"registry.terraform.io/oracle/oci\"]",
      "instances": [
        {
          "schema_version": 0,
          "attributes": {
            "compartment_id": "ocid1.compartment.oc1..aaaaaaaazkp4rxwcx3umm5feqvuztvzknbtfncxphfgqxwz5adydhjlydaoa",
            "defined_tags": {
              "Oracle-Tags.CreatedBy": "default/labs-user@labs-user.com",
              "Oracle-Tags.CreatedOn": "2025-04-16T01:53:59.077Z"
            },
            "display_name": "igw-LinuxAdmin",
            "enabled": true,
            "freeform_tags": {},
            "id": "ocid1.internetgateway.oc1.iad.aaaaaaaamlfm6wlxqd4rmeguxw54n4dhkmja74pezlpoa2x7zfouns7zlmpa",
            "route_table_id": null,
            "state": "AVAILABLE",
            "time_created": "2025-04-16 01:53:59.123 +0000 UTC",
            "timeouts": null,
            "vcn_id": "ocid1.vcn.oc1.iad.amaaaaaayrep4diahigiawcifqyxtxv5zvycfevxrau6po4bxlwtyapvodja"
          },
          "sensitive_attributes": [],
          "private": "eyJlMmJmYjczMC1lY2FhLTExZTYtOGY4OC0zNDM2M2JjN2M0YzAiOnsiY3JlYXRlIjoxMjAwMDAwMDAwMDAwLCJkZWxldGUiOjEyMDAwMDAwMDAwMDAsInVwZGF0ZSI6MTIwMDAwMDAwMDAwMH19",
          "dependencies": [
            "oci_core_virtual_network.vcn"
          ]
        }
      ]
    },
    {
      "mode": "managed",
      "type": "oci_core_route_table",
      "name": "route",
      "provider": "provider[\"registry.terraform.io/oracle/oci\"]",
      "instances": [
        {
          "schema_version": 0,
          "attributes": {
            "compartment_id": "ocid1.compartment.oc1..aaaaaaaazkp4rxwcx3umm5feqvuztvzknbtfncxphfgqxwz5adydhjlydaoa",
            "defined_tags": {
              "Oracle-Tags.CreatedBy": "default/labs-user@labs-user.com",
              "Oracle-Tags.CreatedOn": "2025-04-16T01:53:59.891Z"
            },
            "display_name": "route-to-internet",
            "freeform_tags": {},
            "id": "ocid1.routetable.oc1.iad.aaaaaaaaqz5sa3tzcbqt6zvoygzlkd4vwwemjw5pj7gehduej6fnwx72zieq",
            "route_rules": [
              {
                "cidr_block": "",
                "description": "",
                "destination": "0.0.0.0/0",
                "destination_type": "CIDR_BLOCK",
                "network_entity_id": "ocid1.internetgateway.oc1.iad.aaaaaaaamlfm6wlxqd4rmeguxw54n4dhkmja74pezlpoa2x7zfouns7zlmpa",
                "route_type": ""
              }
            ],
            "state": "AVAILABLE",
            "time_created": "2025-04-16 01:53:59.925 +0000 UTC",
            "timeouts": null,
            "vcn_id": "ocid1.vcn.oc1.iad.amaaaaaayrep4diahigiawcifqyxtxv5zvycfevxrau6po4bxlwtyapvodja"
          },
          "sensitive_attributes": [],
          "private": "eyJlMmJmYjczMC1lY2FhLTExZTYtOGY4OC0zNDM2M2JjN2M0YzAiOnsiY3JlYXRlIjoxMjAwMDAwMDAwMDAwLCJkZWxldGUiOjEyMDAwMDAwMDAwMDAsInVwZGF0ZSI6MTIwMDAwMDAwMDAwMH19",
          "dependencies": [
            "oci_core_internet_gateway.igw",
            "oci_core_virtual_network.vcn"
          ]
        }
      ]
    },
    {
      "mode": "managed",
      "type": "oci_core_security_list",
      "name": "sec_list",
      "provider": "provider[\"registry.terraform.io/oracle/oci\"]",
      "instances": [
        {
          "schema_version": 0,
          "attributes": {
            "compartment_id": "ocid1.compartment.oc1..aaaaaaaazkp4rxwcx3umm5feqvuztvzknbtfncxphfgqxwz5adydhjlydaoa",
            "defined_tags": {
              "Oracle-Tags.CreatedBy": "default/labs-user@labs-user.com",
              "Oracle-Tags.CreatedOn": "2025-04-16T01:53:59.590Z"
            },
            "display_name": "sec-list-ssh-http",
            "egress_security_rules": [
              {
                "description": "",
                "destination": "0.0.0.0/0",
                "destination_type": "CIDR_BLOCK",
                "icmp_options": [],
                "protocol": "all",
                "stateless": false,
                "tcp_options": [],
                "udp_options": []
              }
            ],
            "freeform_tags": {},
            "id": "ocid1.securitylist.oc1.iad.aaaaaaaaezpxl4cii75n4ezs2vp7vofelufyplgfaheuki4f2pyjmc7wml6a",
            "ingress_security_rules": [
              {
                "description": "",
                "icmp_options": [],
                "protocol": "6",
                "source": "0.0.0.0/0",
                "source_type": "CIDR_BLOCK",
                "stateless": false,
                "tcp_options": [
                  {
                    "max": 22,
                    "min": 22,
                    "source_port_range": []
                  }
                ],
                "udp_options": []
              },
              {
                "description": "",
                "icmp_options": [],
                "protocol": "6",
                "source": "0.0.0.0/0",
                "source_type": "CIDR_BLOCK",
                "stateless": false,
                "tcp_options": [
                  {
                    "max": 80,
                    "min": 80,
                    "source_port_range": []
                  }
                ],
                "udp_options": []
              }
            ],
            "state": "AVAILABLE",
            "time_created": "2025-04-16 01:53:59.642 +0000 UTC",
            "timeouts": null,
            "vcn_id": "ocid1.vcn.oc1.iad.amaaaaaayrep4diahigiawcifqyxtxv5zvycfevxrau6po4bxlwtyapvodja"
          },
          "sensitive_attributes": [],
          "private": "eyJlMmJmYjczMC1lY2FhLTExZTYtOGY4OC0zNDM2M2JjN2M0YzAiOnsiY3JlYXRlIjoxMjAwMDAwMDAwMDAwLCJkZWxldGUiOjEyMDAwMDAwMDAwMDAsInVwZGF0ZSI6MTIwMDAwMDAwMDAwMH19",
          "dependencies": [
            "oci_core_virtual_network.vcn"
          ]
        }
      ]
    },
    {
      "mode": "managed",
      "type": "oci_core_subnet",
      "name": "subnet",
      "provider": "provider[\"registry.terraform.io/oracle/oci\"]",
      "instances": [
        {
          "schema_version": 0,
          "attributes": {
            "availability_domain": null,
            "cidr_block": "10.0.1.0/24",
            "compartment_id": "ocid1.compartment.oc1..aaaaaaaazkp4rxwcx3umm5feqvuztvzknbtfncxphfgqxwz5adydhjlydaoa",
            "defined_tags": {
              "Oracle-Tags.CreatedBy": "default/labs-user@labs-user.com",
              "Oracle-Tags.CreatedOn": "2025-04-16T01:54:00.563Z"
            },
            "dhcp_options_id": "ocid1.dhcpoptions.oc1.iad.aaaaaaaaaaijuav7edn7laxuglbrekdrlavplzqwol4sz4v324jkuh2yjqya",
            "display_name": "subnet-LinuxAdmin",
            "dns_label": null,
            "freeform_tags": {},
            "id": "ocid1.subnet.oc1.iad.aaaaaaaadnibmds47q5kpebydapzku7ouk42mv6326jmpz4v3xpbbwiytsgq",
            "ipv6cidr_block": null,
            "ipv6cidr_blocks": [],
            "ipv6virtual_router_ip": null,
            "prohibit_internet_ingress": false,
            "prohibit_public_ip_on_vnic": false,
            "route_table_id": "ocid1.routetable.oc1.iad.aaaaaaaaqz5sa3tzcbqt6zvoygzlkd4vwwemjw5pj7gehduej6fnwx72zieq",
            "security_list_ids": [
              "ocid1.securitylist.oc1.iad.aaaaaaaavr6a3ms5qngfrevgow7xrorksweaopv6mssqbdajxnywjxii7arq"
            ],
            "state": "AVAILABLE",
            "subnet_domain_name": null,
            "time_created": "2025-04-16 01:54:00.657 +0000 UTC",
            "timeouts": null,
            "vcn_id": "ocid1.vcn.oc1.iad.amaaaaaayrep4diahigiawcifqyxtxv5zvycfevxrau6po4bxlwtyapvodja",
            "virtual_router_ip": "10.0.1.1",
            "virtual_router_mac": "00:00:17:F3:F6:A4"
          },
          "sensitive_attributes": [],
          "private": "eyJlMmJmYjczMC1lY2FhLTExZTYtOGY4OC0zNDM2M2JjN2M0YzAiOnsiY3JlYXRlIjoxMjAwMDAwMDAwMDAwLCJkZWxldGUiOjEyMDAwMDAwMDAwMDAsInVwZGF0ZSI6MTIwMDAwMDAwMDAwMH19",
          "dependencies": [
            "oci_core_internet_gateway.igw",
            "oci_core_route_table.route",
            "oci_core_virtual_network.vcn"
          ]
        }
      ]
    },
    {
      "mode": "managed",
      "type": "oci_core_virtual_network",
      "name": "vcn",
      "provider": "provider[\"registry.terraform.io/oracle/oci\"]",
      "instances": [
        {
          "schema_version": 0,
          "attributes": {
            "byoipv6cidr_blocks": [],
            "byoipv6cidr_details": null,
            "cidr_block": "10.0.0.0/16",
            "cidr_blocks": [
              "10.0.0.0/16"
            ],
            "compartment_id": "ocid1.compartment.oc1..aaaaaaaazkp4rxwcx3umm5feqvuztvzknbtfncxphfgqxwz5adydhjlydaoa",
            "default_dhcp_options_id": "ocid1.dhcpoptions.oc1.iad.aaaaaaaaaaijuav7edn7laxuglbrekdrlavplzqwol4sz4v324jkuh2yjqya",
            "default_route_table_id": "ocid1.routetable.oc1.iad.aaaaaaaa55f4ahhfpubhbhlikhtu47ibhzkc5shac5ytmuz553vjwali7gwa",
            "default_security_list_id": "ocid1.securitylist.oc1.iad.aaaaaaaavr6a3ms5qngfrevgow7xrorksweaopv6mssqbdajxnywjxii7arq",
            "defined_tags": {
              "Oracle-Tags.CreatedBy": "default/labs-user@labs-user.com",
              "Oracle-Tags.CreatedOn": "2025-04-16T01:53:58.083Z"
            },
            "display_name": "vcn-LinuxAdmin",
            "dns_label": null,
            "freeform_tags": {},
            "id": "ocid1.vcn.oc1.iad.amaaaaaayrep4diahigiawcifqyxtxv5zvycfevxrau6po4bxlwtyapvodja",
            "ipv6cidr_blocks": [],
            "ipv6private_cidr_blocks": [],
            "is_ipv6enabled": false,
            "is_oracle_gua_allocation_enabled": null,
            "state": "AVAILABLE",
            "time_created": "2025-04-16 01:53:58.177 +0000 UTC",
            "timeouts": null,
            "vcn_domain_name": null
          },
          "sensitive_attributes": [],
          "private": "eyJlMmJmYjczMC1lY2FhLTExZTYtOGY4OC0zNDM2M2JjN2M0YzAiOnsiY3JlYXRlIjoxMjAwMDAwMDAwMDAwLCJkZWxldGUiOjEyMDAwMDAwMDAwMDAsInVwZGF0ZSI6MTIwMDAwMDAwMDAwMH19"
        }
      ]
    }
  ],
  "check_results": null
}
